
Microsoft Visual Studio Solution File, Format Version 12.00
# Visual Studio Version 16
VisualStudioVersion = 16.0.29709.97
MinimumVisualStudioVersion = 10.0.40219.1
Project("{FAE04EC0-301F-11D3-BF4B-00C04F79EFBC}") = "MyApp.Domain", "MyApp\MyApp.Domain\MyApp.Domain.csproj", "{D2A07058-DF77-4CE8-9521-1DE1E25AEDCE}"
EndProject
Project("{FAE04EC0-301F-11D3-BF4B-00C04F79EFBC}") = "MyApp.Infrastructure", "MyApp\MyApp.Infrastructure\MyApp.Infrastructure.csproj", "{2F5D5C03-7748-462B-BB58-D2AADB34B00F}"
EndProject
Global
	GlobalSection(SolutionConfigurationPlatforms) = preSolution
		Debug|Any CPU = Debug|Any CPU
		Release|Any CPU = Release|Any CPU
	EndGlobalSection
	GlobalSection(ProjectConfigurationPlatforms) = postSolution
		{D2A07058-DF77-4CE8-9521-1DE1E25AEDCE}.Debug|Any CPU.ActiveCfg = Debug|Any CPU
		{D2A07058-DF77-4CE8-9521-1DE1E25AEDCE}.Debug|Any CPU.Build.0 = Debug|Any CPU
		{D2A07058-DF77-4CE8-9521-1DE1E25AEDCE}.Release|Any CPU.ActiveCfg = Release|Any CPU
		{D2A07058-DF77-4CE8-9521-1DE1E25AEDCE}.Release|Any CPU.Build.0 = Release|Any CPU
		{2F5D5C03-7748-462B-BB58-D2AADB34B00F}.Debug|Any CPU.ActiveCfg = Debug|Any CPU
		{2F5D5C03-7748-462B-BB58-D2AADB34B00F}.Debug|Any CPU.Build.0 = Debug|Any CPU
		{2F5D5C03-7748-462B-BB58-D2AADB34B00F}.Release|Any CPU.ActiveCfg = Release|Any CPU
		{2F5D5C03-7748-462B-BB58-D2AADB34B00F}.Release|Any CPU.Build.0 = Release|Any CPU
	EndGlobalSection
	GlobalSection(SolutionProperties) = preSolution
		HideSolutionNode = FALSE
	EndGlobalSection
	GlobalSection(ExtensibilityGlobals) = postSolution
		SolutionGuid = {F95BBBEA-2C03-45CD-81A9-6A1CEFA5342C}
	EndGlobalSection
EndGlobal
